
Microsoft Visual Studio Solution File, Format Version 12.00
# Visual Studio Version 17
VisualStudioVersion = 17.10.35201.131
MinimumVisualStudioVersion = 10.0.40219.1
Project("{9A19103F-16F7-4668-BE54-9A1E7A4F7556}") = "AuthAPI", "AuthAPI\AuthAPI.csproj", "{087F8D48-5F34-4897-B94F-AEE6B8C94147}"
EndProject
Project("{2150E333-8FDC-42A3-9474-1A3956D46DE8}") = "src", "src", "{F3DA97EE-D3F0-4483-B7A0-4C025ED39E39}"
EndProject
Project("{2150E333-8FDC-42A3-9474-1A3956D46DE8}") = "services", "services", "{C5FA0B88-8598-4872-9FC0-EECD40F9DB0B}"
EndProject
Project("{FAE04EC0-301F-11D3-BF4B-00C04F79EFBC}") = "EventPlannerAPI", "EventPlannerAPI\EventPlannerAPI.csproj", "{8E10471E-2BAE-41C0-A467-99B4793EDB62}"
EndProject
Global
	GlobalSection(SolutionConfigurationPlatforms) = preSolution
		Debug|Any CPU = Debug|Any CPU
		Release|Any CPU = Release|Any CPU
	EndGlobalSection
	GlobalSection(ProjectConfigurationPlatforms) = postSolution
		{087F8D48-5F34-4897-B94F-AEE6B8C94147}.Debug|Any CPU.ActiveCfg = Debug|Any CPU
		{087F8D48-5F34-4897-B94F-AEE6B8C94147}.Debug|Any CPU.Build.0 = Debug|Any CPU
		{087F8D48-5F34-4897-B94F-AEE6B8C94147}.Release|Any CPU.ActiveCfg = Release|Any CPU
		{087F8D48-5F34-4897-B94F-AEE6B8C94147}.Release|Any CPU.Build.0 = Release|Any CPU
		{8E10471E-2BAE-41C0-A467-99B4793EDB62}.Debug|Any CPU.ActiveCfg = Debug|Any CPU
		{8E10471E-2BAE-41C0-A467-99B4793EDB62}.Debug|Any CPU.Build.0 = Debug|Any CPU
		{8E10471E-2BAE-41C0-A467-99B4793EDB62}.Release|Any CPU.ActiveCfg = Release|Any CPU
		{8E10471E-2BAE-41C0-A467-99B4793EDB62}.Release|Any CPU.Build.0 = Release|Any CPU
	EndGlobalSection
	GlobalSection(SolutionProperties) = preSolution
		HideSolutionNode = FALSE
	EndGlobalSection
	GlobalSection(NestedProjects) = preSolution
		{087F8D48-5F34-4897-B94F-AEE6B8C94147} = {C5FA0B88-8598-4872-9FC0-EECD40F9DB0B}
		{C5FA0B88-8598-4872-9FC0-EECD40F9DB0B} = {F3DA97EE-D3F0-4483-B7A0-4C025ED39E39}
		{8E10471E-2BAE-41C0-A467-99B4793EDB62} = {C5FA0B88-8598-4872-9FC0-EECD40F9DB0B}
	EndGlobalSection
	GlobalSection(ExtensibilityGlobals) = postSolution
		SolutionGuid = {6011BA02-AEF1-4544-BE68-F3E275419228}
	EndGlobalSection
EndGlobal
